
Microsoft Visual Studio Solution File, Format Version 11.00
# Visual Studio 2010
Project("{FAE04EC0-301F-11D3-BF4B-00C04F79EFBC}") = "HDUnitsOfMeasure", "HDUnitsOfMeasure\HDUnitsOfMeasure.csproj", "{2B41C598-4B7D-42BF-BF2C-E482754DDC66}"
EndProject
Project("{FAE04EC0-301F-11D3-BF4B-00C04F79EFBC}") = "ConsoleApplicationUnitsOfMeasureDemo", "ConsoleApplicationUnitsOfMeasureDemo\ConsoleApplicationUnitsOfMeasureDemo.csproj", "{A345433C-A534-431F-9280-F9F3F3A0D57E}"
EndProject
Global
	GlobalSection(SolutionConfigurationPlatforms) = preSolution
		Debug|Any CPU = Debug|Any CPU
		Debug|Mixed Platforms = Debug|Mixed Platforms
		Debug|x86 = Debug|x86
		Release|Any CPU = Release|Any CPU
		Release|Mixed Platforms = Release|Mixed Platforms
		Release|x86 = Release|x86
	EndGlobalSection
	GlobalSection(ProjectConfigurationPlatforms) = postSolution
		{2B41C598-4B7D-42BF-BF2C-E482754DDC66}.Debug|Any CPU.ActiveCfg = Debug|Any CPU
		{2B41C598-4B7D-42BF-BF2C-E482754DDC66}.Debug|Any CPU.Build.0 = Debug|Any CPU
		{2B41C598-4B7D-42BF-BF2C-E482754DDC66}.Debug|Mixed Platforms.ActiveCfg = Debug|Any CPU
		{2B41C598-4B7D-42BF-BF2C-E482754DDC66}.Debug|Mixed Platforms.Build.0 = Debug|Any CPU
		{2B41C598-4B7D-42BF-BF2C-E482754DDC66}.Debug|x86.ActiveCfg = Debug|Any CPU
		{2B41C598-4B7D-42BF-BF2C-E482754DDC66}.Release|Any CPU.ActiveCfg = Release|Any CPU
		{2B41C598-4B7D-42BF-BF2C-E482754DDC66}.Release|Any CPU.Build.0 = Release|Any CPU
		{2B41C598-4B7D-42BF-BF2C-E482754DDC66}.Release|Mixed Platforms.ActiveCfg = Release|Any CPU
		{2B41C598-4B7D-42BF-BF2C-E482754DDC66}.Release|Mixed Platforms.Build.0 = Release|Any CPU
		{2B41C598-4B7D-42BF-BF2C-E482754DDC66}.Release|x86.ActiveCfg = Release|Any CPU
		{A345433C-A534-431F-9280-F9F3F3A0D57E}.Debug|Any CPU.ActiveCfg = Debug|x86
		{A345433C-A534-431F-9280-F9F3F3A0D57E}.Debug|Mixed Platforms.ActiveCfg = Debug|x86
		{A345433C-A534-431F-9280-F9F3F3A0D57E}.Debug|Mixed Platforms.Build.0 = Debug|x86
		{A345433C-A534-431F-9280-F9F3F3A0D57E}.Debug|x86.ActiveCfg = Debug|x86
		{A345433C-A534-431F-9280-F9F3F3A0D57E}.Debug|x86.Build.0 = Debug|x86
		{A345433C-A534-431F-9280-F9F3F3A0D57E}.Release|Any CPU.ActiveCfg = Release|x86
		{A345433C-A534-431F-9280-F9F3F3A0D57E}.Release|Mixed Platforms.ActiveCfg = Release|x86
		{A345433C-A534-431F-9280-F9F3F3A0D57E}.Release|Mixed Platforms.Build.0 = Release|x86
		{A345433C-A534-431F-9280-F9F3F3A0D57E}.Release|x86.ActiveCfg = Release|x86
		{A345433C-A534-431F-9280-F9F3F3A0D57E}.Release|x86.Build.0 = Release|x86
	EndGlobalSection
	GlobalSection(SolutionProperties) = preSolution
		HideSolutionNode = FALSE
	EndGlobalSection
EndGlobal
